github.com/google/uuid v1.6.0 h1:NIvaJDMOsjHA8n1jAhLSgzrAzy1Hgr+hNrb57e+94F0=
github.com/google/uuid v1.6.0/go.mod h1:TIyPZe4MgqvfeYDBFedMoGGpEw/LqOeaOT+nhxU+yHo=
github.com/kdomanski/iso9660 v0.4.0 h1:BPKKdcINz3m0MdjIMwS0wx1nofsOjxOq8TOr45WGHFg=
github.com/kdomanski/iso9660 v0.4.0/go.mod h1:OxUSupHsO9ceI8lBLPJKWBTphLemjrCQY8LPXM7qSzU=
github.com/libvirt/libvirt-go v7.4.0+incompatible h1:crnSLkwPqCdXtg6jib/FxBG/hweAc/3Wxth1AehCXL4=
github.com/libvirt/libvirt-go v7.4.0+incompatible/go.mod h1:34zsnB4iGeOv7Byj6qotuW8Ya4v4Tr43ttjz/F0wjLE=
github.com/libvirt/libvirt-go-xml v7.4.0+incompatible h1:+BBo2XjlT8pAK4pm+aSX8mC/6nc/rdRac10ZukpW31U=
github.com/libvirt/libvirt-go-xml v7.4.0+incompatible/go.mod h1:oBlgD3xOA01ihiK5stbhFzvieyW+jVS6kbbsMVF623A=
